
Microsoft Visual Studio Solution File, Format Version 12.00
Project("{FAE04EC0-301F-11D3-BF4B-00C04F79EFBC}") = "Api", "Api\Api.csproj", "{1CCFE4EB-1600-41F9-9869-689C6C3722A9}"
EndProject
Project("{FAE04EC0-301F-11D3-BF4B-00C04F79EFBC}") = "Worker", "Worker\Worker.csproj", "{C0C9C293-7400-4217-B9DD-CEE9BC412EAD}"
EndProject
Project("{FAE04EC0-301F-11D3-BF4B-00C04F79EFBC}") = "Infrastructure", "Infrastructure\Infrastructure.csproj", "{CD6E7018-A602-498B-B691-857AE76E13DE}"
EndProject
Project("{FAE04EC0-301F-11D3-BF4B-00C04F79EFBC}") = "Domain", "Domain\Domain.csproj", "{5EF404AB-DB5A-4A93-AA6F-83C9EFF22CD4}"
EndProject
Project("{FAE04EC0-301F-11D3-BF4B-00C04F79EFBC}") = "Application", "Application\Application.csproj", "{2D4D023C-D742-4DAE-84A4-DBE62D0BA07D}"
EndProject
Global
	GlobalSection(SolutionConfigurationPlatforms) = preSolution
		Debug|Any CPU = Debug|Any CPU
		Release|Any CPU = Release|Any CPU
	EndGlobalSection
	GlobalSection(ProjectConfigurationPlatforms) = postSolution
		{1CCFE4EB-1600-41F9-9869-689C6C3722A9}.Debug|Any CPU.ActiveCfg = Debug|Any CPU
		{1CCFE4EB-1600-41F9-9869-689C6C3722A9}.Debug|Any CPU.Build.0 = Debug|Any CPU
		{1CCFE4EB-1600-41F9-9869-689C6C3722A9}.Release|Any CPU.ActiveCfg = Release|Any CPU
		{1CCFE4EB-1600-41F9-9869-689C6C3722A9}.Release|Any CPU.Build.0 = Release|Any CPU
		{C0C9C293-7400-4217-B9DD-CEE9BC412EAD}.Debug|Any CPU.ActiveCfg = Debug|Any CPU
		{C0C9C293-7400-4217-B9DD-CEE9BC412EAD}.Debug|Any CPU.Build.0 = Debug|Any CPU
		{C0C9C293-7400-4217-B9DD-CEE9BC412EAD}.Release|Any CPU.ActiveCfg = Release|Any CPU
		{C0C9C293-7400-4217-B9DD-CEE9BC412EAD}.Release|Any CPU.Build.0 = Release|Any CPU
		{CD6E7018-A602-498B-B691-857AE76E13DE}.Debug|Any CPU.ActiveCfg = Debug|Any CPU
		{CD6E7018-A602-498B-B691-857AE76E13DE}.Debug|Any CPU.Build.0 = Debug|Any CPU
		{CD6E7018-A602-498B-B691-857AE76E13DE}.Release|Any CPU.ActiveCfg = Release|Any CPU
		{CD6E7018-A602-498B-B691-857AE76E13DE}.Release|Any CPU.Build.0 = Release|Any CPU
		{5EF404AB-DB5A-4A93-AA6F-83C9EFF22CD4}.Debug|Any CPU.ActiveCfg = Debug|Any CPU
		{5EF404AB-DB5A-4A93-AA6F-83C9EFF22CD4}.Debug|Any CPU.Build.0 = Debug|Any CPU
		{5EF404AB-DB5A-4A93-AA6F-83C9EFF22CD4}.Release|Any CPU.ActiveCfg = Release|Any CPU
		{5EF404AB-DB5A-4A93-AA6F-83C9EFF22CD4}.Release|Any CPU.Build.0 = Release|Any CPU
		{2D4D023C-D742-4DAE-84A4-DBE62D0BA07D}.Debug|Any CPU.ActiveCfg = Debug|Any CPU
		{2D4D023C-D742-4DAE-84A4-DBE62D0BA07D}.Debug|Any CPU.Build.0 = Debug|Any CPU
		{2D4D023C-D742-4DAE-84A4-DBE62D0BA07D}.Release|Any CPU.ActiveCfg = Release|Any CPU
		{2D4D023C-D742-4DAE-84A4-DBE62D0BA07D}.Release|Any CPU.Build.0 = Release|Any CPU
	EndGlobalSection
EndGlobal
